
Microsoft Visual Studio Solution File, Format Version 12.00
Project("{2150E333-8FDC-42A3-9474-1A3956D46DE8}") = "src", "src", "{93E0D6CF-3899-4DEB-9588-4995BB9539D2}"
	ProjectSection(SolutionItems) = preProject
		src\script.sql = src\script.sql
	EndProjectSection
EndProject
Project("{FAE04EC0-301F-11D3-BF4B-00C04F79EFBC}") = "Route256.Inventory", "src\Route256.Inventory\Route256.Inventory.csproj", "{6AF880E6-0B47-4F25-BD3E-126D4714D024}"
EndProject
Global
	GlobalSection(SolutionConfigurationPlatforms) = preSolution
		Debug|Any CPU = Debug|Any CPU
		Release|Any CPU = Release|Any CPU
	EndGlobalSection
	GlobalSection(ProjectConfigurationPlatforms) = postSolution
		{6AF880E6-0B47-4F25-BD3E-126D4714D024}.Debug|Any CPU.ActiveCfg = Debug|Any CPU
		{6AF880E6-0B47-4F25-BD3E-126D4714D024}.Debug|Any CPU.Build.0 = Debug|Any CPU
		{6AF880E6-0B47-4F25-BD3E-126D4714D024}.Release|Any CPU.ActiveCfg = Release|Any CPU
		{6AF880E6-0B47-4F25-BD3E-126D4714D024}.Release|Any CPU.Build.0 = Release|Any CPU
	EndGlobalSection
	GlobalSection(NestedProjects) = preSolution
		{6AF880E6-0B47-4F25-BD3E-126D4714D024} = {93E0D6CF-3899-4DEB-9588-4995BB9539D2}
	EndGlobalSection
EndGlobal
